
Microsoft Visual Studio Solution File, Format Version 12.00
# Visual Studio Version 17
VisualStudioVersion = 17.8.34408.163
MinimumVisualStudioVersion = 10.0.40219.1
Project("{FAE04EC0-301F-11D3-BF4B-00C04F79EFBC}") = "ChatGpt", "ChatGpt\ChatGpt.csproj", "{988762BD-30C9-471A-9B76-30E1D80CE522}"
EndProject
Global
	GlobalSection(SolutionConfigurationPlatforms) = preSolution
		Debug|Any CPU = Debug|Any CPU
		Release|Any CPU = Release|Any CPU
	EndGlobalSection
	GlobalSection(ProjectConfigurationPlatforms) = postSolution
		{988762BD-30C9-471A-9B76-30E1D80CE522}.Debug|Any CPU.ActiveCfg = Debug|Any CPU
		{988762BD-30C9-471A-9B76-30E1D80CE522}.Debug|Any CPU.Build.0 = Debug|Any CPU
		{988762BD-30C9-471A-9B76-30E1D80CE522}.Release|Any CPU.ActiveCfg = Release|Any CPU
		{988762BD-30C9-471A-9B76-30E1D80CE522}.Release|Any CPU.Build.0 = Release|Any CPU
	EndGlobalSection
	GlobalSection(SolutionProperties) = preSolution
		HideSolutionNode = FALSE
	EndGlobalSection
	GlobalSection(ExtensibilityGlobals) = postSolution
		SolutionGuid = {F9A3B78D-302A-4DAD-999A-A5A4607B3659}
	EndGlobalSection
EndGlobal
